
Microsoft Visual Studio Solution File, Format Version 12.00
# Visual Studio 15
VisualStudioVersion = 15.0.27004.2006
MinimumVisualStudioVersion = 10.0.40219.1
Project("{2150E333-8FDC-42A3-9474-1A3956D46DE8}") = "Client", "Client", "{D10BD501-163A-48C2-8BEF-EE11DE72FCDA}"
EndProject
Project("{2150E333-8FDC-42A3-9474-1A3956D46DE8}") = "Server", "Server", "{E0EB3115-52B8-4658-92EB-994F51779D60}"
EndProject
Project("{FAE04EC0-301F-11D3-BF4B-00C04F79EFBC}") = "PiFormance.Client", "Client\PiFormance.Client\PiFormance.Client.csproj", "{CD74EFC7-BFAF-4111-AF1C-88594E6DAFB2}"
	ProjectSection(ProjectDependencies) = postProject
		{6E41E5D7-0B43-42CA-8756-32EABB73B9B1} = {6E41E5D7-0B43-42CA-8756-32EABB73B9B1}
	EndProjectSection
EndProject
Project("{FAE04EC0-301F-11D3-BF4B-00C04F79EFBC}") = "PiFormance.Controls", "Client\PiFormance.Controls\PiFormance.Controls.csproj", "{58253103-2E00-49DB-B12A-E5D37C3DEB6D}"
EndProject
Project("{2150E333-8FDC-42A3-9474-1A3956D46DE8}") = "Core", "Core", "{65F41DB3-3DA4-4B54-86E4-BB0042ABBC2C}"
EndProject
Project("{FAE04EC0-301F-11D3-BF4B-00C04F79EFBC}") = "Core.Common", "..\Core\Core\Core.Common.csproj", "{DFC42C3A-5CF6-4CD0-BE1B-4531262ED3F1}"
EndProject
Project("{FAE04EC0-301F-11D3-BF4B-00C04F79EFBC}") = "Core.IoC.Definitions", "..\Core\IoC\IoC.Definitions\Core.IoC.Definitions.csproj", "{C372DEBF-038C-4CC2-A671-5A53EA0E6060}"
EndProject
Project("{FAE04EC0-301F-11D3-BF4B-00C04F79EFBC}") = "Core.IoC", "..\Core\IoC\IoC\Core.IoC.csproj", "{1D3B8E37-51F5-4487-A15B-D87BA02E3055}"
EndProject
Project("{FAE04EC0-301F-11D3-BF4B-00C04F79EFBC}") = "PiFormance.Server", "Server\PiFormance.Server\PiFormance.Server.csproj", "{1A4B9C0F-A298-411E-A35E-099634B5610D}"
EndProject
Project("{FAE04EC0-301F-11D3-BF4B-00C04F79EFBC}") = "PiFormance.Services", "Server\PiFormance.Service\PiFormance.Services.csproj", "{6E41E5D7-0B43-42CA-8756-32EABB73B9B1}"
EndProject
Global
	GlobalSection(SolutionConfigurationPlatforms) = preSolution
		Debug|Any CPU = Debug|Any CPU
		Debug|ARM = Debug|ARM
		Debug|x64 = Debug|x64
		Debug|x86 = Debug|x86
		Release|Any CPU = Release|Any CPU
		Release|ARM = Release|ARM
		Release|x64 = Release|x64
		Release|x86 = Release|x86
	EndGlobalSection
	GlobalSection(ProjectConfigurationPlatforms) = postSolution
		{CD74EFC7-BFAF-4111-AF1C-88594E6DAFB2}.Debug|Any CPU.ActiveCfg = Debug|x86
		{CD74EFC7-BFAF-4111-AF1C-88594E6DAFB2}.Debug|ARM.ActiveCfg = Debug|ARM
		{CD74EFC7-BFAF-4111-AF1C-88594E6DAFB2}.Debug|ARM.Build.0 = Debug|ARM
		{CD74EFC7-BFAF-4111-AF1C-88594E6DAFB2}.Debug|ARM.Deploy.0 = Debug|ARM
		{CD74EFC7-BFAF-4111-AF1C-88594E6DAFB2}.Debug|x64.ActiveCfg = Debug|x64
		{CD74EFC7-BFAF-4111-AF1C-88594E6DAFB2}.Debug|x64.Build.0 = Debug|x64
		{CD74EFC7-BFAF-4111-AF1C-88594E6DAFB2}.Debug|x64.Deploy.0 = Debug|x64
		{CD74EFC7-BFAF-4111-AF1C-88594E6DAFB2}.Debug|x86.ActiveCfg = Debug|x86
		{CD74EFC7-BFAF-4111-AF1C-88594E6DAFB2}.Debug|x86.Build.0 = Debug|x86
		{CD74EFC7-BFAF-4111-AF1C-88594E6DAFB2}.Debug|x86.Deploy.0 = Debug|x86
		{CD74EFC7-BFAF-4111-AF1C-88594E6DAFB2}.Release|Any CPU.ActiveCfg = Release|x86
		{CD74EFC7-BFAF-4111-AF1C-88594E6DAFB2}.Release|ARM.ActiveCfg = Release|ARM
		{CD74EFC7-BFAF-4111-AF1C-88594E6DAFB2}.Release|ARM.Build.0 = Release|ARM
		{CD74EFC7-BFAF-4111-AF1C-88594E6DAFB2}.Release|ARM.Deploy.0 = Release|ARM
		{CD74EFC7-BFAF-4111-AF1C-88594E6DAFB2}.Release|x64.ActiveCfg = Release|x64
		{CD74EFC7-BFAF-4111-AF1C-88594E6DAFB2}.Release|x64.Build.0 = Release|x64
		{CD74EFC7-BFAF-4111-AF1C-88594E6DAFB2}.Release|x64.Deploy.0 = Release|x64
		{CD74EFC7-BFAF-4111-AF1C-88594E6DAFB2}.Release|x86.ActiveCfg = Release|x86
		{CD74EFC7-BFAF-4111-AF1C-88594E6DAFB2}.Release|x86.Build.0 = Release|x86
		{CD74EFC7-BFAF-4111-AF1C-88594E6DAFB2}.Release|x86.Deploy.0 = Release|x86
		{58253103-2E00-49DB-B12A-E5D37C3DEB6D}.Debug|Any CPU.ActiveCfg = Debug|Any CPU
		{58253103-2E00-49DB-B12A-E5D37C3DEB6D}.Debug|Any CPU.Build.0 = Debug|Any CPU
		{58253103-2E00-49DB-B12A-E5D37C3DEB6D}.Debug|ARM.ActiveCfg = Debug|ARM
		{58253103-2E00-49DB-B12A-E5D37C3DEB6D}.Debug|ARM.Build.0 = Debug|ARM
		{58253103-2E00-49DB-B12A-E5D37C3DEB6D}.Debug|x64.ActiveCfg = Debug|x64
		{58253103-2E00-49DB-B12A-E5D37C3DEB6D}.Debug|x64.Build.0 = Debug|x64
		{58253103-2E00-49DB-B12A-E5D37C3DEB6D}.Debug|x86.ActiveCfg = Debug|x86
		{58253103-2E00-49DB-B12A-E5D37C3DEB6D}.Debug|x86.Build.0 = Debug|x86
		{58253103-2E00-49DB-B12A-E5D37C3DEB6D}.Release|Any CPU.ActiveCfg = Release|Any CPU
		{58253103-2E00-49DB-B12A-E5D37C3DEB6D}.Release|Any CPU.Build.0 = Release|Any CPU
		{58253103-2E00-49DB-B12A-E5D37C3DEB6D}.Release|ARM.ActiveCfg = Release|ARM
		{58253103-2E00-49DB-B12A-E5D37C3DEB6D}.Release|ARM.Build.0 = Release|ARM
		{58253103-2E00-49DB-B12A-E5D37C3DEB6D}.Release|x64.ActiveCfg = Release|x64
		{58253103-2E00-49DB-B12A-E5D37C3DEB6D}.Release|x64.Build.0 = Release|x64
		{58253103-2E00-49DB-B12A-E5D37C3DEB6D}.Release|x86.ActiveCfg = Release|x86
		{58253103-2E00-49DB-B12A-E5D37C3DEB6D}.Release|x86.Build.0 = Release|x86
		{DFC42C3A-5CF6-4CD0-BE1B-4531262ED3F1}.Debug|Any CPU.ActiveCfg = Debug|Any CPU
		{DFC42C3A-5CF6-4CD0-BE1B-4531262ED3F1}.Debug|Any CPU.Build.0 = Debug|Any CPU
		{DFC42C3A-5CF6-4CD0-BE1B-4531262ED3F1}.Debug|ARM.ActiveCfg = Debug|Any CPU
		{DFC42C3A-5CF6-4CD0-BE1B-4531262ED3F1}.Debug|ARM.Build.0 = Debug|Any CPU
		{DFC42C3A-5CF6-4CD0-BE1B-4531262ED3F1}.Debug|x64.ActiveCfg = Debug|Any CPU
		{DFC42C3A-5CF6-4CD0-BE1B-4531262ED3F1}.Debug|x64.Build.0 = Debug|Any CPU
		{DFC42C3A-5CF6-4CD0-BE1B-4531262ED3F1}.Debug|x86.ActiveCfg = Debug|Any CPU
		{DFC42C3A-5CF6-4CD0-BE1B-4531262ED3F1}.Debug|x86.Build.0 = Debug|Any CPU
		{DFC42C3A-5CF6-4CD0-BE1B-4531262ED3F1}.Release|Any CPU.ActiveCfg = Release|Any CPU
		{DFC42C3A-5CF6-4CD0-BE1B-4531262ED3F1}.Release|Any CPU.Build.0 = Release|Any CPU
		{DFC42C3A-5CF6-4CD0-BE1B-4531262ED3F1}.Release|ARM.ActiveCfg = Release|Any CPU
		{DFC42C3A-5CF6-4CD0-BE1B-4531262ED3F1}.Release|ARM.Build.0 = Release|Any CPU
		{DFC42C3A-5CF6-4CD0-BE1B-4531262ED3F1}.Release|x64.ActiveCfg = Release|Any CPU
		{DFC42C3A-5CF6-4CD0-BE1B-4531262ED3F1}.Release|x64.Build.0 = Release|Any CPU
		{DFC42C3A-5CF6-4CD0-BE1B-4531262ED3F1}.Release|x86.ActiveCfg = Release|Any CPU
		{DFC42C3A-5CF6-4CD0-BE1B-4531262ED3F1}.Release|x86.Build.0 = Release|Any CPU
		{C372DEBF-038C-4CC2-A671-5A53EA0E6060}.Debug|Any CPU.ActiveCfg = Debug|Any CPU
		{C372DEBF-038C-4CC2-A671-5A53EA0E6060}.Debug|Any CPU.Build.0 = Debug|Any CPU
		{C372DEBF-038C-4CC2-A671-5A53EA0E6060}.Debug|ARM.ActiveCfg = Debug|Any CPU
		{C372DEBF-038C-4CC2-A671-5A53EA0E6060}.Debug|ARM.Build.0 = Debug|Any CPU
		{C372DEBF-038C-4CC2-A671-5A53EA0E6060}.Debug|x64.ActiveCfg = Debug|Any CPU
		{C372DEBF-038C-4CC2-A671-5A53EA0E6060}.Debug|x64.Build.0 = Debug|Any CPU
		{C372DEBF-038C-4CC2-A671-5A53EA0E6060}.Debug|x86.ActiveCfg = Debug|Any CPU
		{C372DEBF-038C-4CC2-A671-5A53EA0E6060}.Debug|x86.Build.0 = Debug|Any CPU
		{C372DEBF-038C-4CC2-A671-5A53EA0E6060}.Release|Any CPU.ActiveCfg = Release|Any CPU
		{C372DEBF-038C-4CC2-A671-5A53EA0E6060}.Release|Any CPU.Build.0 = Release|Any CPU
		{C372DEBF-038C-4CC2-A671-5A53EA0E6060}.Release|ARM.ActiveCfg = Release|Any CPU
		{C372DEBF-038C-4CC2-A671-5A53EA0E6060}.Release|ARM.Build.0 = Release|Any CPU
		{C372DEBF-038C-4CC2-A671-5A53EA0E6060}.Release|x64.ActiveCfg = Release|Any CPU
		{C372DEBF-038C-4CC2-A671-5A53EA0E6060}.Release|x64.Build.0 = Release|Any CPU
		{C372DEBF-038C-4CC2-A671-5A53EA0E6060}.Release|x86.ActiveCfg = Release|Any CPU
		{C372DEBF-038C-4CC2-A671-5A53EA0E6060}.Release|x86.Build.0 = Release|Any CPU
		{1D3B8E37-51F5-4487-A15B-D87BA02E3055}.Debug|Any CPU.ActiveCfg = Debug|Any CPU
		{1D3B8E37-51F5-4487-A15B-D87BA02E3055}.Debug|Any CPU.Build.0 = Debug|Any CPU
		{1D3B8E37-51F5-4487-A15B-D87BA02E3055}.Debug|ARM.ActiveCfg = Debug|Any CPU
		{1D3B8E37-51F5-4487-A15B-D87BA02E3055}.Debug|ARM.Build.0 = Debug|Any CPU
		{1D3B8E37-51F5-4487-A15B-D87BA02E3055}.Debug|x64.ActiveCfg = Debug|Any CPU
		{1D3B8E37-51F5-4487-A15B-D87BA02E3055}.Debug|x64.Build.0 = Debug|Any CPU
		{1D3B8E37-51F5-4487-A15B-D87BA02E3055}.Debug|x86.ActiveCfg = Debug|Any CPU
		{1D3B8E37-51F5-4487-A15B-D87BA02E3055}.Debug|x86.Build.0 = Debug|Any CPU
		{1D3B8E37-51F5-4487-A15B-D87BA02E3055}.Release|Any CPU.ActiveCfg = Release|Any CPU
		{1D3B8E37-51F5-4487-A15B-D87BA02E3055}.Release|Any CPU.Build.0 = Release|Any CPU
		{1D3B8E37-51F5-4487-A15B-D87BA02E3055}.Release|ARM.ActiveCfg = Release|Any CPU
		{1D3B8E37-51F5-4487-A15B-D87BA02E3055}.Release|ARM.Build.0 = Release|Any CPU
		{1D3B8E37-51F5-4487-A15B-D87BA02E3055}.Release|x64.ActiveCfg = Release|Any CPU
		{1D3B8E37-51F5-4487-A15B-D87BA02E3055}.Release|x64.Build.0 = Release|Any CPU
		{1D3B8E37-51F5-4487-A15B-D87BA02E3055}.Release|x86.ActiveCfg = Release|Any CPU
		{1D3B8E37-51F5-4487-A15B-D87BA02E3055}.Release|x86.Build.0 = Release|Any CPU
		{1A4B9C0F-A298-411E-A35E-099634B5610D}.Debug|Any CPU.ActiveCfg = Debug|Any CPU
		{1A4B9C0F-A298-411E-A35E-099634B5610D}.Debug|Any CPU.Build.0 = Debug|Any CPU
		{1A4B9C0F-A298-411E-A35E-099634B5610D}.Debug|ARM.ActiveCfg = Debug|Any CPU
		{1A4B9C0F-A298-411E-A35E-099634B5610D}.Debug|ARM.Build.0 = Debug|Any CPU
		{1A4B9C0F-A298-411E-A35E-099634B5610D}.Debug|x64.ActiveCfg = Debug|Any CPU
		{1A4B9C0F-A298-411E-A35E-099634B5610D}.Debug|x64.Build.0 = Debug|Any CPU
		{1A4B9C0F-A298-411E-A35E-099634B5610D}.Debug|x86.ActiveCfg = Debug|Any CPU
		{1A4B9C0F-A298-411E-A35E-099634B5610D}.Debug|x86.Build.0 = Debug|Any CPU
		{1A4B9C0F-A298-411E-A35E-099634B5610D}.Release|Any CPU.ActiveCfg = Release|Any CPU
		{1A4B9C0F-A298-411E-A35E-099634B5610D}.Release|Any CPU.Build.0 = Release|Any CPU
		{1A4B9C0F-A298-411E-A35E-099634B5610D}.Release|ARM.ActiveCfg = Release|Any CPU
		{1A4B9C0F-A298-411E-A35E-099634B5610D}.Release|ARM.Build.0 = Release|Any CPU
		{1A4B9C0F-A298-411E-A35E-099634B5610D}.Release|x64.ActiveCfg = Release|Any CPU
		{1A4B9C0F-A298-411E-A35E-099634B5610D}.Release|x64.Build.0 = Release|Any CPU
		{1A4B9C0F-A298-411E-A35E-099634B5610D}.Release|x86.ActiveCfg = Release|Any CPU
		{1A4B9C0F-A298-411E-A35E-099634B5610D}.Release|x86.Build.0 = Release|Any CPU
		{6E41E5D7-0B43-42CA-8756-32EABB73B9B1}.Debug|Any CPU.ActiveCfg = Debug|Any CPU
		{6E41E5D7-0B43-42CA-8756-32EABB73B9B1}.Debug|Any CPU.Build.0 = Debug|Any CPU
		{6E41E5D7-0B43-42CA-8756-32EABB73B9B1}.Debug|ARM.ActiveCfg = Debug|Any CPU
		{6E41E5D7-0B43-42CA-8756-32EABB73B9B1}.Debug|ARM.Build.0 = Debug|Any CPU
		{6E41E5D7-0B43-42CA-8756-32EABB73B9B1}.Debug|x64.ActiveCfg = Debug|Any CPU
		{6E41E5D7-0B43-42CA-8756-32EABB73B9B1}.Debug|x64.Build.0 = Debug|Any CPU
		{6E41E5D7-0B43-42CA-8756-32EABB73B9B1}.Debug|x86.ActiveCfg = Debug|Any CPU
		{6E41E5D7-0B43-42CA-8756-32EABB73B9B1}.Debug|x86.Build.0 = Debug|Any CPU
		{6E41E5D7-0B43-42CA-8756-32EABB73B9B1}.Release|Any CPU.ActiveCfg = Release|Any CPU
		{6E41E5D7-0B43-42CA-8756-32EABB73B9B1}.Release|Any CPU.Build.0 = Release|Any CPU
		{6E41E5D7-0B43-42CA-8756-32EABB73B9B1}.Release|ARM.ActiveCfg = Release|Any CPU
		{6E41E5D7-0B43-42CA-8756-32EABB73B9B1}.Release|ARM.Build.0 = Release|Any CPU
		{6E41E5D7-0B43-42CA-8756-32EABB73B9B1}.Release|x64.ActiveCfg = Release|Any CPU
		{6E41E5D7-0B43-42CA-8756-32EABB73B9B1}.Release|x64.Build.0 = Release|Any CPU
		{6E41E5D7-0B43-42CA-8756-32EABB73B9B1}.Release|x86.ActiveCfg = Release|Any CPU
		{6E41E5D7-0B43-42CA-8756-32EABB73B9B1}.Release|x86.Build.0 = Release|Any CPU
	EndGlobalSection
	GlobalSection(SolutionProperties) = preSolution
		HideSolutionNode = FALSE
	EndGlobalSection
	GlobalSection(NestedProjects) = preSolution
		{CD74EFC7-BFAF-4111-AF1C-88594E6DAFB2} = {D10BD501-163A-48C2-8BEF-EE11DE72FCDA}
		{58253103-2E00-49DB-B12A-E5D37C3DEB6D} = {D10BD501-163A-48C2-8BEF-EE11DE72FCDA}
		{DFC42C3A-5CF6-4CD0-BE1B-4531262ED3F1} = {65F41DB3-3DA4-4B54-86E4-BB0042ABBC2C}
		{C372DEBF-038C-4CC2-A671-5A53EA0E6060} = {65F41DB3-3DA4-4B54-86E4-BB0042ABBC2C}
		{1D3B8E37-51F5-4487-A15B-D87BA02E3055} = {65F41DB3-3DA4-4B54-86E4-BB0042ABBC2C}
		{1A4B9C0F-A298-411E-A35E-099634B5610D} = {E0EB3115-52B8-4658-92EB-994F51779D60}
		{6E41E5D7-0B43-42CA-8756-32EABB73B9B1} = {E0EB3115-52B8-4658-92EB-994F51779D60}
	EndGlobalSection
	GlobalSection(ExtensibilityGlobals) = postSolution
		SolutionGuid = {79BB7231-5FCB-45D3-96EB-D071E0E3AFB1}
	EndGlobalSection
EndGlobal
